// !$*UTF8*$!
{
	archiveVersion = 1;
	classes = {
	};
	objectVersion = 60;
	objects = {

/* Begin PBXBuildFile section */
		F00B4D722B28664F00CA81FE /* WalletApp.swift in Sources */ = {isa = PBXBuildFile; fileRef = F00B4D712B28664F00CA81FE /* WalletApp.swift */; };
		F00B4D762B28665000CA81FE /* Assets.xcassets in Resources */ = {isa = PBXBuildFile; fileRef = F00B4D752B28665000CA81FE /* Assets.xcassets */; };
		F00B4D792B28665000CA81FE /* Preview Assets.xcassets in Resources */ = {isa = PBXBuildFile; fileRef = F00B4D782B28665000CA81FE /* Preview Assets.xcassets */; };
		F00B4D832B28831900CA81FE /* RegisterView.swift in Sources */ = {isa = PBXBuildFile; fileRef = F00B4D822B28831900CA81FE /* RegisterView.swift */; };
		F00B4D882B298CF500CA81FE /* RegisterViewModel.swift in Sources */ = {isa = PBXBuildFile; fileRef = F00B4D872B298CF500CA81FE /* RegisterViewModel.swift */; };
		F00B4D8A2B29914200CA81FE /* GoogleService-Info.plist in Resources */ = {isa = PBXBuildFile; fileRef = F00B4D892B29914200CA81FE /* GoogleService-Info.plist */; };
		F00B4D8D2B29925D00CA81FE /* FirebaseAnalytics in Frameworks */ = {isa = PBXBuildFile; productRef = F00B4D8C2B29925D00CA81FE /* FirebaseAnalytics */; };
		F00B4D8F2B29925D00CA81FE /* FirebaseAnalyticsOnDeviceConversion in Frameworks */ = {isa = PBXBuildFile; productRef = F00B4D8E2B29925D00CA81FE /* FirebaseAnalyticsOnDeviceConversion */; };
		F00B4D912B29925D00CA81FE /* FirebaseAnalyticsSwift in Frameworks */ = {isa = PBXBuildFile; productRef = F00B4D902B29925D00CA81FE /* FirebaseAnalyticsSwift */; };
		F00B4D932B29925D00CA81FE /* FirebaseAnalyticsWithoutAdIdSupport in Frameworks */ = {isa = PBXBuildFile; productRef = F00B4D922B29925D00CA81FE /* FirebaseAnalyticsWithoutAdIdSupport */; };
		F00B4D952B29925D00CA81FE /* FirebaseAppCheck in Frameworks */ = {isa = PBXBuildFile; productRef = F00B4D942B29925D00CA81FE /* FirebaseAppCheck */; };
		F00B4D972B29925D00CA81FE /* FirebaseAppDistribution-Beta in Frameworks */ = {isa = PBXBuildFile; productRef = F00B4D962B29925D00CA81FE /* FirebaseAppDistribution-Beta */; };
		F00B4D992B29925D00CA81FE /* FirebaseAuth in Frameworks */ = {isa = PBXBuildFile; productRef = F00B4D982B29925D00CA81FE /* FirebaseAuth */; };
		F00B4D9B2B29925D00CA81FE /* FirebaseAuthCombine-Community in Frameworks */ = {isa = PBXBuildFile; productRef = F00B4D9A2B29925D00CA81FE /* FirebaseAuthCombine-Community */; };
		F00B4D9D2B29925D00CA81FE /* FirebaseCrashlytics in Frameworks */ = {isa = PBXBuildFile; productRef = F00B4D9C2B29925D00CA81FE /* FirebaseCrashlytics */; };
		F00B4D9F2B29925D00CA81FE /* FirebaseDatabase in Frameworks */ = {isa = PBXBuildFile; productRef = F00B4D9E2B29925D00CA81FE /* FirebaseDatabase */; };
		F00B4DA12B29925D00CA81FE /* FirebaseDatabaseSwift in Frameworks */ = {isa = PBXBuildFile; productRef = F00B4DA02B29925D00CA81FE /* FirebaseDatabaseSwift */; };
		F00B4DA32B29925D00CA81FE /* FirebaseDynamicLinks in Frameworks */ = {isa = PBXBuildFile; productRef = F00B4DA22B29925D00CA81FE /* FirebaseDynamicLinks */; };
		F00B4DA52B29925D00CA81FE /* FirebaseFirestore in Frameworks */ = {isa = PBXBuildFile; productRef = F00B4DA42B29925D00CA81FE /* FirebaseFirestore */; };
		F00B4DA72B29925D00CA81FE /* FirebaseFirestoreCombine-Community in Frameworks */ = {isa = PBXBuildFile; productRef = F00B4DA62B29925D00CA81FE /* FirebaseFirestoreCombine-Community */; };
		F00B4DA92B29925D00CA81FE /* FirebaseFirestoreSwift in Frameworks */ = {isa = PBXBuildFile; productRef = F00B4DA82B29925D00CA81FE /* FirebaseFirestoreSwift */; };
		F00B4DAB2B29925D00CA81FE /* FirebaseFunctions in Frameworks */ = {isa = PBXBuildFile; productRef = F00B4DAA2B29925D00CA81FE /* FirebaseFunctions */; };
		F00B4DAD2B29925D00CA81FE /* FirebaseFunctionsCombine-Community in Frameworks */ = {isa = PBXBuildFile; productRef = F00B4DAC2B29925D00CA81FE /* FirebaseFunctionsCombine-Community */; };
		F00B4DAF2B29925D00CA81FE /* FirebaseInAppMessaging-Beta in Frameworks */ = {isa = PBXBuildFile; productRef = F00B4DAE2B29925D00CA81FE /* FirebaseInAppMessaging-Beta */; };
		F00B4DB12B29925D00CA81FE /* FirebaseInAppMessagingSwift-Beta in Frameworks */ = {isa = PBXBuildFile; productRef = F00B4DB02B29925D00CA81FE /* FirebaseInAppMessagingSwift-Beta */; };
		F00B4DB32B29925D00CA81FE /* FirebaseInstallations in Frameworks */ = {isa = PBXBuildFile; productRef = F00B4DB22B29925D00CA81FE /* FirebaseInstallations */; };
		F00B4DB52B29925D00CA81FE /* FirebaseMLModelDownloader in Frameworks */ = {isa = PBXBuildFile; productRef = F00B4DB42B29925D00CA81FE /* FirebaseMLModelDownloader */; };
		F00B4DB72B29925D00CA81FE /* FirebaseMessaging in Frameworks */ = {isa = PBXBuildFile; productRef = F00B4DB62B29925D00CA81FE /* FirebaseMessaging */; };
		F00B4DB92B29925D00CA81FE /* FirebasePerformance in Frameworks */ = {isa = PBXBuildFile; productRef = F00B4DB82B29925D00CA81FE /* FirebasePerformance */; };
		F00B4DBB2B29925D00CA81FE /* FirebaseRemoteConfig in Frameworks */ = {isa = PBXBuildFile; productRef = F00B4DBA2B29925D00CA81FE /* FirebaseRemoteConfig */; };
		F00B4DBD2B29925D00CA81FE /* FirebaseRemoteConfigSwift in Frameworks */ = {isa = PBXBuildFile; productRef = F00B4DBC2B29925D00CA81FE /* FirebaseRemoteConfigSwift */; };
		F00B4DBF2B29925D00CA81FE /* FirebaseStorage in Frameworks */ = {isa = PBXBuildFile; productRef = F00B4DBE2B29925D00CA81FE /* FirebaseStorage */; };
		F00B4DC12B29925D00CA81FE /* FirebaseStorageCombine-Community in Frameworks */ = {isa = PBXBuildFile; productRef = F00B4DC02B29925D00CA81FE /* FirebaseStorageCombine-Community */; };
		F00B4DC42B29ACE000CA81FE /* String+Validation.swift in Sources */ = {isa = PBXBuildFile; fileRef = F00B4DC32B29ACE000CA81FE /* String+Validation.swift */; };
		F00B4DC72B2B07DC00CA81FE /* AuthManager.swift in Sources */ = {isa = PBXBuildFile; fileRef = F00B4DC62B2B07DC00CA81FE /* AuthManager.swift */; };
		F00B4DCA2B2B0DBD00CA81FE /* User.swift in Sources */ = {isa = PBXBuildFile; fileRef = F00B4DC92B2B0DBD00CA81FE /* User.swift */; };
		F00B4DD02B2B127200CA81FE /* HomeView.swift in Sources */ = {isa = PBXBuildFile; fileRef = F00B4DCF2B2B127200CA81FE /* HomeView.swift */; };
		F00B4DD22B2B3A5100CA81FE /* HomeViewModel.swift in Sources */ = {isa = PBXBuildFile; fileRef = F00B4DD12B2B3A5100CA81FE /* HomeViewModel.swift */; };
		F00B4DD42B2B406700CA81FE /* CustomErrors.swift in Sources */ = {isa = PBXBuildFile; fileRef = F00B4DD32B2B406700CA81FE /* CustomErrors.swift */; };
/* End PBXBuildFile section */

/* Begin PBXFileReference section */
		F00B4D6E2B28664F00CA81FE /* Wallet.app */ = {isa = PBXFileReference; explicitFileType = wrapper.application; includeInIndex = 0; path = Wallet.app; sourceTree = BUILT_PRODUCTS_DIR; };
		F00B4D712B28664F00CA81FE /* WalletApp.swift */ = {isa = PBXFileReference; lastKnownFileType = sourcecode.swift; path = WalletApp.swift; sourceTree = "<group>"; };
		F00B4D752B28665000CA81FE /* Assets.xcassets */ = {isa = PBXFileReference; lastKnownFileType = folder.assetcatalog; path = Assets.xcassets; sourceTree = "<group>"; };
		F00B4D782B28665000CA81FE /* Preview Assets.xcassets */ = {isa = PBXFileReference; lastKnownFileType = folder.assetcatalog; path = "Preview Assets.xcassets"; sourceTree = "<group>"; };
		F00B4D822B28831900CA81FE /* RegisterView.swift */ = {isa = PBXFileReference; lastKnownFileType = sourcecode.swift; path = RegisterView.swift; sourceTree = "<group>"; };
		F00B4D872B298CF500CA81FE /* RegisterViewModel.swift */ = {isa = PBXFileReference; lastKnownFileType = sourcecode.swift; path = RegisterViewModel.swift; sourceTree = "<group>"; };
		F00B4D892B29914200CA81FE /* GoogleService-Info.plist */ = {isa = PBXFileReference; fileEncoding = 4; lastKnownFileType = text.plist.xml; path = "GoogleService-Info.plist"; sourceTree = "<group>"; };
		F00B4DC32B29ACE000CA81FE /* String+Validation.swift */ = {isa = PBXFileReference; lastKnownFileType = sourcecode.swift; path = "String+Validation.swift"; sourceTree = "<group>"; };
		F00B4DC62B2B07DC00CA81FE /* AuthManager.swift */ = {isa = PBXFileReference; lastKnownFileType = sourcecode.swift; path = AuthManager.swift; sourceTree = "<group>"; };
		F00B4DC92B2B0DBD00CA81FE /* User.swift */ = {isa = PBXFileReference; lastKnownFileType = sourcecode.swift; path = User.swift; sourceTree = "<group>"; };
		F00B4DCF2B2B127200CA81FE /* HomeView.swift */ = {isa = PBXFileReference; lastKnownFileType = sourcecode.swift; path = HomeView.swift; sourceTree = "<group>"; };
		F00B4DD12B2B3A5100CA81FE /* HomeViewModel.swift */ = {isa = PBXFileReference; lastKnownFileType = sourcecode.swift; path = HomeViewModel.swift; sourceTree = "<group>"; };
		F00B4DD32B2B406700CA81FE /* CustomErrors.swift */ = {isa = PBXFileReference; lastKnownFileType = sourcecode.swift; path = CustomErrors.swift; sourceTree = "<group>"; };
/* End PBXFileReference section */

/* Begin PBXFrameworksBuildPhase section */
		F00B4D6B2B28664F00CA81FE /* Frameworks */ = {
			isa = PBXFrameworksBuildPhase;
			buildActionMask = 2147483647;
			files = (
				F00B4D9F2B29925D00CA81FE /* FirebaseDatabase in Frameworks */,
				F00B4DAD2B29925D00CA81FE /* FirebaseFunctionsCombine-Community in Frameworks */,
				F00B4DA52B29925D00CA81FE /* FirebaseFirestore in Frameworks */,
				F00B4D912B29925D00CA81FE /* FirebaseAnalyticsSwift in Frameworks */,
				F00B4D8D2B29925D00CA81FE /* FirebaseAnalytics in Frameworks */,
				F00B4D8F2B29925D00CA81FE /* FirebaseAnalyticsOnDeviceConversion in Frameworks */,
				F00B4DB52B29925D00CA81FE /* FirebaseMLModelDownloader in Frameworks */,
				F00B4DA92B29925D00CA81FE /* FirebaseFirestoreSwift in Frameworks */,
				F00B4D952B29925D00CA81FE /* FirebaseAppCheck in Frameworks */,
				F00B4D932B29925D00CA81FE /* FirebaseAnalyticsWithoutAdIdSupport in Frameworks */,
				F00B4D992B29925D00CA81FE /* FirebaseAuth in Frameworks */,
				F00B4D9D2B29925D00CA81FE /* FirebaseCrashlytics in Frameworks */,
				F00B4DBD2B29925D00CA81FE /* FirebaseRemoteConfigSwift in Frameworks */,
				F00B4DAF2B29925D00CA81FE /* FirebaseInAppMessaging-Beta in Frameworks */,
				F00B4DA12B29925D00CA81FE /* FirebaseDatabaseSwift in Frameworks */,
				F00B4DAB2B29925D00CA81FE /* FirebaseFunctions in Frameworks */,
				F00B4DC12B29925D00CA81FE /* FirebaseStorageCombine-Community in Frameworks */,
				F00B4DBB2B29925D00CA81FE /* FirebaseRemoteConfig in Frameworks */,
				F00B4D972B29925D00CA81FE /* FirebaseAppDistribution-Beta in Frameworks */,
				F00B4D9B2B29925D00CA81FE /* FirebaseAuthCombine-Community in Frameworks */,
				F00B4DB92B29925D00CA81FE /* FirebasePerformance in Frameworks */,
				F00B4DB12B29925D00CA81FE /* FirebaseInAppMessagingSwift-Beta in Frameworks */,
				F00B4DBF2B29925D00CA81FE /* FirebaseStorage in Frameworks */,
				F00B4DA32B29925D00CA81FE /* FirebaseDynamicLinks in Frameworks */,
				F00B4DA72B29925D00CA81FE /* FirebaseFirestoreCombine-Community in Frameworks */,
				F00B4DB72B29925D00CA81FE /* FirebaseMessaging in Frameworks */,
				F00B4DB32B29925D00CA81FE /* FirebaseInstallations in Frameworks */,
			);
			runOnlyForDeploymentPostprocessing = 0;
		};
/* End PBXFrameworksBuildPhase section */

/* Begin PBXGroup section */
		F00B4D652B28664F00CA81FE = {
			isa = PBXGroup;
			children = (
				F00B4D702B28664F00CA81FE /* Wallet */,
				F00B4D6F2B28664F00CA81FE /* Products */,
			);
			sourceTree = "<group>";
		};
		F00B4D6F2B28664F00CA81FE /* Products */ = {
			isa = PBXGroup;
			children = (
				F00B4D6E2B28664F00CA81FE /* Wallet.app */,
			);
			name = Products;
			sourceTree = "<group>";
		};
		F00B4D702B28664F00CA81FE /* Wallet */ = {
			isa = PBXGroup;
			children = (
				F00B4D712B28664F00CA81FE /* WalletApp.swift */,
				F00B4DCB2B2B123E00CA81FE /* Core */,
				F00B4DC82B2B0DAF00CA81FE /* Models */,
				F00B4DC52B2B07D000CA81FE /* Managers */,
				F00B4DC22B29ACB900CA81FE /* Extensions */,
				F00B4D842B2885A300CA81FE /* Components */,
				F00B4D752B28665000CA81FE /* Assets.xcassets */,
				F00B4D892B29914200CA81FE /* GoogleService-Info.plist */,
				F00B4D772B28665000CA81FE /* Preview Content */,
			);
			path = Wallet;
			sourceTree = "<group>";
		};
		F00B4D772B28665000CA81FE /* Preview Content */ = {
			isa = PBXGroup;
			children = (
				F00B4D782B28665000CA81FE /* Preview Assets.xcassets */,
			);
			path = "Preview Content";
			sourceTree = "<group>";
		};
		F00B4D7F2B2882B400CA81FE /* Register */ = {
			isa = PBXGroup;
			children = (
				F00B4D802B2882BF00CA81FE /* View */,
				F00B4D812B2882C500CA81FE /* ViewModel */,
			);
			path = Register;
			sourceTree = "<group>";
		};
		F00B4D802B2882BF00CA81FE /* View */ = {
			isa = PBXGroup;
			children = (
				F00B4D822B28831900CA81FE /* RegisterView.swift */,
			);
			path = View;
			sourceTree = "<group>";
		};
		F00B4D812B2882C500CA81FE /* ViewModel */ = {
			isa = PBXGroup;
			children = (
				F00B4D872B298CF500CA81FE /* RegisterViewModel.swift */,
			);
			path = ViewModel;
			sourceTree = "<group>";
		};
		F00B4D842B2885A300CA81FE /* Components */ = {
			isa = PBXGroup;
			children = (
			);
			path = Components;
			sourceTree = "<group>";
		};
		F00B4DC22B29ACB900CA81FE /* Extensions */ = {
			isa = PBXGroup;
			children = (
				F00B4DC32B29ACE000CA81FE /* String+Validation.swift */,
			);
			path = Extensions;
			sourceTree = "<group>";
		};
		F00B4DC52B2B07D000CA81FE /* Managers */ = {
			isa = PBXGroup;
			children = (
				F00B4DC62B2B07DC00CA81FE /* AuthManager.swift */,
				F00B4DD32B2B406700CA81FE /* CustomErrors.swift */,
			);
			path = Managers;
			sourceTree = "<group>";
		};
		F00B4DC82B2B0DAF00CA81FE /* Models */ = {
			isa = PBXGroup;
			children = (
				F00B4DC92B2B0DBD00CA81FE /* User.swift */,
			);
			path = Models;
			sourceTree = "<group>";
		};
		F00B4DCB2B2B123E00CA81FE /* Core */ = {
			isa = PBXGroup;
			children = (
				F00B4DCC2B2B125C00CA81FE /* Home */,
				F00B4D7F2B2882B400CA81FE /* Register */,
			);
			path = Core;
			sourceTree = "<group>";
		};
		F00B4DCC2B2B125C00CA81FE /* Home */ = {
			isa = PBXGroup;
			children = (
				F00B4DCD2B2B126100CA81FE /* View */,
				F00B4DCE2B2B126500CA81FE /* ViewModel */,
			);
			path = Home;
			sourceTree = "<group>";
		};
		F00B4DCD2B2B126100CA81FE /* View */ = {
			isa = PBXGroup;
			children = (
				F00B4DCF2B2B127200CA81FE /* HomeView.swift */,
			);
			path = View;
			sourceTree = "<group>";
		};
		F00B4DCE2B2B126500CA81FE /* ViewModel */ = {
			isa = PBXGroup;
			children = (
				F00B4DD12B2B3A5100CA81FE /* HomeViewModel.swift */,
			);
			path = ViewModel;
			sourceTree = "<group>";
		};
/* End PBXGroup section */

/* Begin PBXNativeTarget section */
		F00B4D6D2B28664F00CA81FE /* Wallet */ = {
			isa = PBXNativeTarget;
			buildConfigurationList = F00B4D7C2B28665000CA81FE /* Build configuration list for PBXNativeTarget "Wallet" */;
			buildPhases = (
				F00B4D6A2B28664F00CA81FE /* Sources */,
				F00B4D6B2B28664F00CA81FE /* Frameworks */,
				F00B4D6C2B28664F00CA81FE /* Resources */,
			);
			buildRules = (
			);
			dependencies = (
			);
			name = Wallet;
			packageProductDependencies = (
				F00B4D8C2B29925D00CA81FE /* FirebaseAnalytics */,
				F00B4D8E2B29925D00CA81FE /* FirebaseAnalyticsOnDeviceConversion */,
				F00B4D902B29925D00CA81FE /* FirebaseAnalyticsSwift */,
				F00B4D922B29925D00CA81FE /* FirebaseAnalyticsWithoutAdIdSupport */,
				F00B4D942B29925D00CA81FE /* FirebaseAppCheck */,
				F00B4D962B29925D00CA81FE /* FirebaseAppDistribution-Beta */,
				F00B4D982B29925D00CA81FE /* FirebaseAuth */,
				F00B4D9A2B29925D00CA81FE /* FirebaseAuthCombine-Community */,
				F00B4D9C2B29925D00CA81FE /* FirebaseCrashlytics */,
				F00B4D9E2B29925D00CA81FE /* FirebaseDatabase */,
				F00B4DA02B29925D00CA81FE /* FirebaseDatabaseSwift */,
				F00B4DA22B29925D00CA81FE /* FirebaseDynamicLinks */,
				F00B4DA42B29925D00CA81FE /* FirebaseFirestore */,
				F00B4DA62B29925D00CA81FE /* FirebaseFirestoreCombine-Community */,
				F00B4DA82B29925D00CA81FE /* FirebaseFirestoreSwift */,
				F00B4DAA2B29925D00CA81FE /* FirebaseFunctions */,
				F00B4DAC2B29925D00CA81FE /* FirebaseFunctionsCombine-Community */,
				F00B4DAE2B29925D00CA81FE /* FirebaseInAppMessaging-Beta */,
				F00B4DB02B29925D00CA81FE /* FirebaseInAppMessagingSwift-Beta */,
				F00B4DB22B29925D00CA81FE /* FirebaseInstallations */,
				F00B4DB42B29925D00CA81FE /* FirebaseMLModelDownloader */,
				F00B4DB62B29925D00CA81FE /* FirebaseMessaging */,
				F00B4DB82B29925D00CA81FE /* FirebasePerformance */,
				F00B4DBA2B29925D00CA81FE /* FirebaseRemoteConfig */,
				F00B4DBC2B29925D00CA81FE /* FirebaseRemoteConfigSwift */,
				F00B4DBE2B29925D00CA81FE /* FirebaseStorage */,
				F00B4DC02B29925D00CA81FE /* FirebaseStorageCombine-Community */,
			);
			productName = Wallet;
			productReference = F00B4D6E2B28664F00CA81FE /* Wallet.app */;
			productType = "com.apple.product-type.application";
		};
/* End PBXNativeTarget section */

/* Begin PBXProject section */
		F00B4D662B28664F00CA81FE /* Project object */ = {
			isa = PBXProject;
			attributes = {
				BuildIndependentTargetsInParallel = 1;
				LastSwiftUpdateCheck = 1500;
				LastUpgradeCheck = 1500;
				TargetAttributes = {
					F00B4D6D2B28664F00CA81FE = {
						CreatedOnToolsVersion = 15.0;
					};
				};
			};
			buildConfigurationList = F00B4D692B28664F00CA81FE /* Build configuration list for PBXProject "Wallet" */;
			compatibilityVersion = "Xcode 15.0";
			developmentRegion = en;
			hasScannedForEncodings = 0;
			knownRegions = (
				en,
				Base,
			);
			mainGroup = F00B4D652B28664F00CA81FE;
			packageReferences = (
				F00B4D8B2B29925D00CA81FE /* XCRemoteSwiftPackageReference "firebase-ios-sdk" */,
			);
			productRefGroup = F00B4D6F2B28664F00CA81FE /* Products */;
			projectDirPath = "";
			projectRoot = "";
			targets = (
				F00B4D6D2B28664F00CA81FE /* Wallet */,
			);
		};
/* End PBXProject section */

/* Begin PBXResourcesBuildPhase section */
		F00B4D6C2B28664F00CA81FE /* Resources */ = {
			isa = PBXResourcesBuildPhase;
			buildActionMask = 2147483647;
			files = (
				F00B4D792B28665000CA81FE /* Preview Assets.xcassets in Resources */,
				F00B4D762B28665000CA81FE /* Assets.xcassets in Resources */,
				F00B4D8A2B29914200CA81FE /* GoogleService-Info.plist in Resources */,
			);
			runOnlyForDeploymentPostprocessing = 0;
		};
/* End PBXResourcesBuildPhase section */

/* Begin PBXSourcesBuildPhase section */
		F00B4D6A2B28664F00CA81FE /* Sources */ = {
			isa = PBXSourcesBuildPhase;
			buildActionMask = 2147483647;
			files = (
				F00B4D832B28831900CA81FE /* RegisterView.swift in Sources */,
				F00B4DD42B2B406700CA81FE /* CustomErrors.swift in Sources */,
				F00B4DD02B2B127200CA81FE /* HomeView.swift in Sources */,
				F00B4D722B28664F00CA81FE /* WalletApp.swift in Sources */,
				F00B4DD22B2B3A5100CA81FE /* HomeViewModel.swift in Sources */,
				F00B4DCA2B2B0DBD00CA81FE /* User.swift in Sources */,
				F00B4D882B298CF500CA81FE /* RegisterViewModel.swift in Sources */,
				F00B4DC42B29ACE000CA81FE /* String+Validation.swift in Sources */,
				F00B4DC72B2B07DC00CA81FE /* AuthManager.swift in Sources */,
			);
			runOnlyForDeploymentPostprocessing = 0;
		};
/* End PBXSourcesBuildPhase section */

/* Begin XCBuildConfiguration section */
		F00B4D7A2B28665000CA81FE /* Debug */ = {
			isa = XCBuildConfiguration;
			buildSettings = {
				ALWAYS_SEARCH_USER_PATHS = NO;
				ASSETCATALOG_COMPILER_GENERATE_SWIFT_ASSET_SYMBOL_EXTENSIONS = YES;
				CLANG_ANALYZER_NONNULL = YES;
				CLANG_ANALYZER_NUMBER_OBJECT_CONVERSION = YES_AGGRESSIVE;
				CLANG_CXX_LANGUAGE_STANDARD = "gnu++20";
				CLANG_ENABLE_MODULES = YES;
				CLANG_ENABLE_OBJC_ARC = YES;
				CLANG_ENABLE_OBJC_WEAK = YES;
				CLANG_WARN_BLOCK_CAPTURE_AUTORELEASING = YES;
				CLANG_WARN_BOOL_CONVERSION = YES;
				CLANG_WARN_COMMA = YES;
				CLANG_WARN_CONSTANT_CONVERSION = YES;
				CLANG_WARN_DEPRECATED_OBJC_IMPLEMENTATIONS = YES;
				CLANG_WARN_DIRECT_OBJC_ISA_USAGE = YES_ERROR;
				CLANG_WARN_DOCUMENTATION_COMMENTS = YES;
				CLANG_WARN_EMPTY_BODY = YES;
				CLANG_WARN_ENUM_CONVERSION = YES;
				CLANG_WARN_INFINITE_RECURSION = YES;
				CLANG_WARN_INT_CONVERSION = YES;
				CLANG_WARN_NON_LITERAL_NULL_CONVERSION = YES;
				CLANG_WARN_OBJC_IMPLICIT_RETAIN_SELF = YES;
				CLANG_WARN_OBJC_LITERAL_CONVERSION = YES;
				CLANG_WARN_OBJC_ROOT_CLASS = YES_ERROR;
				CLANG_WARN_QUOTED_INCLUDE_IN_FRAMEWORK_HEADER = YES;
				CLANG_WARN_RANGE_LOOP_ANALYSIS = YES;
				CLANG_WARN_STRICT_PROTOTYPES = YES;
				CLANG_WARN_SUSPICIOUS_MOVE = YES;
				CLANG_WARN_UNGUARDED_AVAILABILITY = YES_AGGRESSIVE;
				CLANG_WARN_UNREACHABLE_CODE = YES;
				CLANG_WARN__DUPLICATE_METHOD_MATCH = YES;
				COPY_PHASE_STRIP = NO;
				DEBUG_INFORMATION_FORMAT = dwarf;
				ENABLE_STRICT_OBJC_MSGSEND = YES;
				ENABLE_TESTABILITY = YES;
				ENABLE_USER_SCRIPT_SANDBOXING = YES;
				GCC_C_LANGUAGE_STANDARD = gnu17;
				GCC_DYNAMIC_NO_PIC = NO;
				GCC_NO_COMMON_BLOCKS = YES;
				GCC_OPTIMIZATION_LEVEL = 0;
				GCC_PREPROCESSOR_DEFINITIONS = (
					"DEBUG=1",
					"$(inherited)",
				);
				GCC_WARN_64_TO_32_BIT_CONVERSION = YES;
				GCC_WARN_ABOUT_RETURN_TYPE = YES_ERROR;
				GCC_WARN_UNDECLARED_SELECTOR = YES;
				GCC_WARN_UNINITIALIZED_AUTOS = YES_AGGRESSIVE;
				GCC_WARN_UNUSED_FUNCTION = YES;
				GCC_WARN_UNUSED_VARIABLE = YES;
				IPHONEOS_DEPLOYMENT_TARGET = 17.0;
				LOCALIZATION_PREFERS_STRING_CATALOGS = YES;
				MTL_ENABLE_DEBUG_INFO = INCLUDE_SOURCE;
				MTL_FAST_MATH = YES;
				ONLY_ACTIVE_ARCH = YES;
				SDKROOT = iphoneos;
				SWIFT_ACTIVE_COMPILATION_CONDITIONS = "DEBUG $(inherited)";
				SWIFT_OPTIMIZATION_LEVEL = "-Onone";
			};
			name = Debug;
		};
		F00B4D7B2B28665000CA81FE /* Release */ = {
			isa = XCBuildConfiguration;
			buildSettings = {
				ALWAYS_SEARCH_USER_PATHS = NO;
				ASSETCATALOG_COMPILER_GENERATE_SWIFT_ASSET_SYMBOL_EXTENSIONS = YES;
				CLANG_ANALYZER_NONNULL = YES;
				CLANG_ANALYZER_NUMBER_OBJECT_CONVERSION = YES_AGGRESSIVE;
				CLANG_CXX_LANGUAGE_STANDARD = "gnu++20";
				CLANG_ENABLE_MODULES = YES;
				CLANG_ENABLE_OBJC_ARC = YES;
				CLANG_ENABLE_OBJC_WEAK = YES;
				CLANG_WARN_BLOCK_CAPTURE_AUTORELEASING = YES;
				CLANG_WARN_BOOL_CONVERSION = YES;
				CLANG_WARN_COMMA = YES;
				CLANG_WARN_CONSTANT_CONVERSION = YES;
				CLANG_WARN_DEPRECATED_OBJC_IMPLEMENTATIONS = YES;
				CLANG_WARN_DIRECT_OBJC_ISA_USAGE = YES_ERROR;
				CLANG_WARN_DOCUMENTATION_COMMENTS = YES;
				CLANG_WARN_EMPTY_BODY = YES;
				CLANG_WARN_ENUM_CONVERSION = YES;
				CLANG_WARN_INFINITE_RECURSION = YES;
				CLANG_WARN_INT_CONVERSION = YES;
				CLANG_WARN_NON_LITERAL_NULL_CONVERSION = YES;
				CLANG_WARN_OBJC_IMPLICIT_RETAIN_SELF = YES;
				CLANG_WARN_OBJC_LITERAL_CONVERSION = YES;
				CLANG_WARN_OBJC_ROOT_CLASS = YES_ERROR;
				CLANG_WARN_QUOTED_INCLUDE_IN_FRAMEWORK_HEADER = YES;
				CLANG_WARN_RANGE_LOOP_ANALYSIS = YES;
				CLANG_WARN_STRICT_PROTOTYPES = YES;
				CLANG_WARN_SUSPICIOUS_MOVE = YES;
				CLANG_WARN_UNGUARDED_AVAILABILITY = YES_AGGRESSIVE;
				CLANG_WARN_UNREACHABLE_CODE = YES;
				CLANG_WARN__DUPLICATE_METHOD_MATCH = YES;
				COPY_PHASE_STRIP = NO;
				DEBUG_INFORMATION_FORMAT = "dwarf-with-dsym";
				ENABLE_NS_ASSERTIONS = NO;
				ENABLE_STRICT_OBJC_MSGSEND = YES;
				ENABLE_USER_SCRIPT_SANDBOXING = YES;
				GCC_C_LANGUAGE_STANDARD = gnu17;
				GCC_NO_COMMON_BLOCKS = YES;
				GCC_WARN_64_TO_32_BIT_CONVERSION = YES;
				GCC_WARN_ABOUT_RETURN_TYPE = YES_ERROR;
				GCC_WARN_UNDECLARED_SELECTOR = YES;
				GCC_WARN_UNINITIALIZED_AUTOS = YES_AGGRESSIVE;
				GCC_WARN_UNUSED_FUNCTION = YES;
				GCC_WARN_UNUSED_VARIABLE = YES;
				IPHONEOS_DEPLOYMENT_TARGET = 17.0;
				LOCALIZATION_PREFERS_STRING_CATALOGS = YES;
				MTL_ENABLE_DEBUG_INFO = NO;
				MTL_FAST_MATH = YES;
				SDKROOT = iphoneos;
				SWIFT_COMPILATION_MODE = wholemodule;
				VALIDATE_PRODUCT = YES;
			};
			name = Release;
		};
		F00B4D7D2B28665000CA81FE /* Debug */ = {
			isa = XCBuildConfiguration;
			buildSettings = {
				ASSETCATALOG_COMPILER_APPICON_NAME = AppIcon;
				ASSETCATALOG_COMPILER_GLOBAL_ACCENT_COLOR_NAME = AccentColor;
				CODE_SIGN_STYLE = Automatic;
				CURRENT_PROJECT_VERSION = 1;
				DEVELOPMENT_ASSET_PATHS = "\"Wallet/Preview Content\"";
				DEVELOPMENT_TEAM = ST4BHPXJQC;
				ENABLE_PREVIEWS = YES;
				GENERATE_INFOPLIST_FILE = YES;
				INFOPLIST_KEY_UIApplicationSceneManifest_Generation = YES;
				INFOPLIST_KEY_UIApplicationSupportsIndirectInputEvents = YES;
				INFOPLIST_KEY_UILaunchScreen_Generation = YES;
				INFOPLIST_KEY_UISupportedInterfaceOrientations = UIInterfaceOrientationPortrait;
				LD_RUNPATH_SEARCH_PATHS = (
					"$(inherited)",
					"@executable_path/Frameworks",
				);
				MARKETING_VERSION = 1.0;
				PRODUCT_BUNDLE_IDENTIFIER = "-.Wallet";
				PRODUCT_NAME = "$(TARGET_NAME)";
				SUPPORTED_PLATFORMS = "iphoneos iphonesimulator";
				SUPPORTS_MACCATALYST = NO;
				SUPPORTS_MAC_DESIGNED_FOR_IPHONE_IPAD = NO;
				SWIFT_EMIT_LOC_STRINGS = YES;
				SWIFT_VERSION = 5.0;
				TARGETED_DEVICE_FAMILY = 1;
			};
			name = Debug;
		};
		F00B4D7E2B28665000CA81FE /* Release */ = {
			isa = XCBuildConfiguration;
			buildSettings = {
				ASSETCATALOG_COMPILER_APPICON_NAME = AppIcon;
				ASSETCATALOG_COMPILER_GLOBAL_ACCENT_COLOR_NAME = AccentColor;
				CODE_SIGN_STYLE = Automatic;
				CURRENT_PROJECT_VERSION = 1;
				DEVELOPMENT_ASSET_PATHS = "\"Wallet/Preview Content\"";
				DEVELOPMENT_TEAM = ST4BHPXJQC;
				ENABLE_PREVIEWS = YES;
				GENERATE_INFOPLIST_FILE = YES;
				INFOPLIST_KEY_UIApplicationSceneManifest_Generation = YES;
				INFOPLIST_KEY_UIApplicationSupportsIndirectInputEvents = YES;
				INFOPLIST_KEY_UILaunchScreen_Generation = YES;
				INFOPLIST_KEY_UISupportedInterfaceOrientations = UIInterfaceOrientationPortrait;
				LD_RUNPATH_SEARCH_PATHS = (
					"$(inherited)",
					"@executable_path/Frameworks",
				);
				MARKETING_VERSION = 1.0;
				PRODUCT_BUNDLE_IDENTIFIER = "-.Wallet";
				PRODUCT_NAME = "$(TARGET_NAME)";
				SUPPORTED_PLATFORMS = "iphoneos iphonesimulator";
				SUPPORTS_MACCATALYST = NO;
				SUPPORTS_MAC_DESIGNED_FOR_IPHONE_IPAD = NO;
				SWIFT_EMIT_LOC_STRINGS = YES;
				SWIFT_VERSION = 5.0;
				TARGETED_DEVICE_FAMILY = 1;
			};
			name = Release;
		};
/* End XCBuildConfiguration section */

/* Begin XCConfigurationList section */
		F00B4D692B28664F00CA81FE /* Build configuration list for PBXProject "Wallet" */ = {
			isa = XCConfigurationList;
			buildConfigurations = (
				F00B4D7A2B28665000CA81FE /* Debug */,
				F00B4D7B2B28665000CA81FE /* Release */,
			);
			defaultConfigurationIsVisible = 0;
			defaultConfigurationName = Release;
		};
		F00B4D7C2B28665000CA81FE /* Build configuration list for PBXNativeTarget "Wallet" */ = {
			isa = XCConfigurationList;
			buildConfigurations = (
				F00B4D7D2B28665000CA81FE /* Debug */,
				F00B4D7E2B28665000CA81FE /* Release */,
			);
			defaultConfigurationIsVisible = 0;
			defaultConfigurationName = Release;
		};
/* End XCConfigurationList section */

/* Begin XCRemoteSwiftPackageReference section */
		F00B4D8B2B29925D00CA81FE /* XCRemoteSwiftPackageReference "firebase-ios-sdk" */ = {
			isa = XCRemoteSwiftPackageReference;
			repositoryURL = "https://github.com/firebase/firebase-ios-sdk";
			requirement = {
				kind = upToNextMajorVersion;
				minimumVersion = 10.19.0;
			};
		};
/* End XCRemoteSwiftPackageReference section */

/* Begin XCSwiftPackageProductDependency section */
		F00B4D8C2B29925D00CA81FE /* FirebaseAnalytics */ = {
			isa = XCSwiftPackageProductDependency;
			package = F00B4D8B2B29925D00CA81FE /* XCRemoteSwiftPackageReference "firebase-ios-sdk" */;
			productName = FirebaseAnalytics;
		};
		F00B4D8E2B29925D00CA81FE /* FirebaseAnalyticsOnDeviceConversion */ = {
			isa = XCSwiftPackageProductDependency;
			package = F00B4D8B2B29925D00CA81FE /* XCRemoteSwiftPackageReference "firebase-ios-sdk" */;
			productName = FirebaseAnalyticsOnDeviceConversion;
		};
		F00B4D902B29925D00CA81FE /* FirebaseAnalyticsSwift */ = {
			isa = XCSwiftPackageProductDependency;
			package = F00B4D8B2B29925D00CA81FE /* XCRemoteSwiftPackageReference "firebase-ios-sdk" */;
			productName = FirebaseAnalyticsSwift;
		};
		F00B4D922B29925D00CA81FE /* FirebaseAnalyticsWithoutAdIdSupport */ = {
			isa = XCSwiftPackageProductDependency;
			package = F00B4D8B2B29925D00CA81FE /* XCRemoteSwiftPackageReference "firebase-ios-sdk" */;
			productName = FirebaseAnalyticsWithoutAdIdSupport;
		};
		F00B4D942B29925D00CA81FE /* FirebaseAppCheck */ = {
			isa = XCSwiftPackageProductDependency;
			package = F00B4D8B2B29925D00CA81FE /* XCRemoteSwiftPackageReference "firebase-ios-sdk" */;
			productName = FirebaseAppCheck;
		};
		F00B4D962B29925D00CA81FE /* FirebaseAppDistribution-Beta */ = {
			isa = XCSwiftPackageProductDependency;
			package = F00B4D8B2B29925D00CA81FE /* XCRemoteSwiftPackageReference "firebase-ios-sdk" */;
			productName = "FirebaseAppDistribution-Beta";
		};
		F00B4D982B29925D00CA81FE /* FirebaseAuth */ = {
			isa = XCSwiftPackageProductDependency;
			package = F00B4D8B2B29925D00CA81FE /* XCRemoteSwiftPackageReference "firebase-ios-sdk" */;
			productName = FirebaseAuth;
		};
		F00B4D9A2B29925D00CA81FE /* FirebaseAuthCombine-Community */ = {
			isa = XCSwiftPackageProductDependency;
			package = F00B4D8B2B29925D00CA81FE /* XCRemoteSwiftPackageReference "firebase-ios-sdk" */;
			productName = "FirebaseAuthCombine-Community";
		};
		F00B4D9C2B29925D00CA81FE /* FirebaseCrashlytics */ = {
			isa = XCSwiftPackageProductDependency;
			package = F00B4D8B2B29925D00CA81FE /* XCRemoteSwiftPackageReference "firebase-ios-sdk" */;
			productName = FirebaseCrashlytics;
		};
		F00B4D9E2B29925D00CA81FE /* FirebaseDatabase */ = {
			isa = XCSwiftPackageProductDependency;
			package = F00B4D8B2B29925D00CA81FE /* XCRemoteSwiftPackageReference "firebase-ios-sdk" */;
			productName = FirebaseDatabase;
		};
		F00B4DA02B29925D00CA81FE /* FirebaseDatabaseSwift */ = {
			isa = XCSwiftPackageProductDependency;
			package = F00B4D8B2B29925D00CA81FE /* XCRemoteSwiftPackageReference "firebase-ios-sdk" */;
			productName = FirebaseDatabaseSwift;
		};
		F00B4DA22B29925D00CA81FE /* FirebaseDynamicLinks */ = {
			isa = XCSwiftPackageProductDependency;
			package = F00B4D8B2B29925D00CA81FE /* XCRemoteSwiftPackageReference "firebase-ios-sdk" */;
			productName = FirebaseDynamicLinks;
		};
		F00B4DA42B29925D00CA81FE /* FirebaseFirestore */ = {
			isa = XCSwiftPackageProductDependency;
			package = F00B4D8B2B29925D00CA81FE /* XCRemoteSwiftPackageReference "firebase-ios-sdk" */;
			productName = FirebaseFirestore;
		};
		F00B4DA62B29925D00CA81FE /* FirebaseFirestoreCombine-Community */ = {
			isa = XCSwiftPackageProductDependency;
			package = F00B4D8B2B29925D00CA81FE /* XCRemoteSwiftPackageReference "firebase-ios-sdk" */;
			productName = "FirebaseFirestoreCombine-Community";
		};
		F00B4DA82B29925D00CA81FE /* FirebaseFirestoreSwift */ = {
			isa = XCSwiftPackageProductDependency;
			package = F00B4D8B2B29925D00CA81FE /* XCRemoteSwiftPackageReference "firebase-ios-sdk" */;
			productName = FirebaseFirestoreSwift;
		};
		F00B4DAA2B29925D00CA81FE /* FirebaseFunctions */ = {
			isa = XCSwiftPackageProductDependency;
			package = F00B4D8B2B29925D00CA81FE /* XCRemoteSwiftPackageReference "firebase-ios-sdk" */;
			productName = FirebaseFunctions;
		};
		F00B4DAC2B29925D00CA81FE /* FirebaseFunctionsCombine-Community */ = {
			isa = XCSwiftPackageProductDependency;
			package = F00B4D8B2B29925D00CA81FE /* XCRemoteSwiftPackageReference "firebase-ios-sdk" */;
			productName = "FirebaseFunctionsCombine-Community";
		};
		F00B4DAE2B29925D00CA81FE /* FirebaseInAppMessaging-Beta */ = {
			isa = XCSwiftPackageProductDependency;
			package = F00B4D8B2B29925D00CA81FE /* XCRemoteSwiftPackageReference "firebase-ios-sdk" */;
			productName = "FirebaseInAppMessaging-Beta";
		};
		F00B4DB02B29925D00CA81FE /* FirebaseInAppMessagingSwift-Beta */ = {
			isa = XCSwiftPackageProductDependency;
			package = F00B4D8B2B29925D00CA81FE /* XCRemoteSwiftPackageReference "firebase-ios-sdk" */;
			productName = "FirebaseInAppMessagingSwift-Beta";
		};
		F00B4DB22B29925D00CA81FE /* FirebaseInstallations */ = {
			isa = XCSwiftPackageProductDependency;
			package = F00B4D8B2B29925D00CA81FE /* XCRemoteSwiftPackageReference "firebase-ios-sdk" */;
			productName = FirebaseInstallations;
		};
		F00B4DB42B29925D00CA81FE /* FirebaseMLModelDownloader */ = {
			isa = XCSwiftPackageProductDependency;
			package = F00B4D8B2B29925D00CA81FE /* XCRemoteSwiftPackageReference "firebase-ios-sdk" */;
			productName = FirebaseMLModelDownloader;
		};
		F00B4DB62B29925D00CA81FE /* FirebaseMessaging */ = {
			isa = XCSwiftPackageProductDependency;
			package = F00B4D8B2B29925D00CA81FE /* XCRemoteSwiftPackageReference "firebase-ios-sdk" */;
			productName = FirebaseMessaging;
		};
		F00B4DB82B29925D00CA81FE /* FirebasePerformance */ = {
			isa = XCSwiftPackageProductDependency;
			package = F00B4D8B2B29925D00CA81FE /* XCRemoteSwiftPackageReference "firebase-ios-sdk" */;
			productName = FirebasePerformance;
		};
		F00B4DBA2B29925D00CA81FE /* FirebaseRemoteConfig */ = {
			isa = XCSwiftPackageProductDependency;
			package = F00B4D8B2B29925D00CA81FE /* XCRemoteSwiftPackageReference "firebase-ios-sdk" */;
			productName = FirebaseRemoteConfig;
		};
		F00B4DBC2B29925D00CA81FE /* FirebaseRemoteConfigSwift */ = {
			isa = XCSwiftPackageProductDependency;
			package = F00B4D8B2B29925D00CA81FE /* XCRemoteSwiftPackageReference "firebase-ios-sdk" */;
			productName = FirebaseRemoteConfigSwift;
		};
		F00B4DBE2B29925D00CA81FE /* FirebaseStorage */ = {
			isa = XCSwiftPackageProductDependency;
			package = F00B4D8B2B29925D00CA81FE /* XCRemoteSwiftPackageReference "firebase-ios-sdk" */;
			productName = FirebaseStorage;
		};
		F00B4DC02B29925D00CA81FE /* FirebaseStorageCombine-Community */ = {
			isa = XCSwiftPackageProductDependency;
			package = F00B4D8B2B29925D00CA81FE /* XCRemoteSwiftPackageReference "firebase-ios-sdk" */;
			productName = "FirebaseStorageCombine-Community";
		};
/* End XCSwiftPackageProductDependency section */
	};
	rootObject = F00B4D662B28664F00CA81FE /* Project object */;
}
